
Microsoft Visual Studio Solution File, Format Version 12.00
# Visual Studio Version 17
VisualStudioVersion = 17.11.35303.130
MinimumVisualStudioVersion = 10.0.40219.1
Project("{8BC9CEB8-8B4A-11D0-8D11-00A0C91BC942}") = "lab 8.1 iter", "lab 8.1 iter.vcxproj", "{53B4531B-8E31-4C74-957F-48C3EED11AEB}"
EndProject
Project("{8BC9CEB8-8B4A-11D0-8D11-00A0C91BC942}") = "UnitTest88", "..\UnitTest88\UnitTest88.vcxproj", "{6597CD32-6232-498D-8780-E82EA14D5897}"
EndProject
Global
	GlobalSection(SolutionConfigurationPlatforms) = preSolution
		Debug|x64 = Debug|x64
		Debug|x86 = Debug|x86
		Release|x64 = Release|x64
		Release|x86 = Release|x86
	EndGlobalSection
	GlobalSection(ProjectConfigurationPlatforms) = postSolution
		{53B4531B-8E31-4C74-957F-48C3EED11AEB}.Debug|x64.ActiveCfg = Debug|x64
		{53B4531B-8E31-4C74-957F-48C3EED11AEB}.Debug|x64.Build.0 = Debug|x64
		{53B4531B-8E31-4C74-957F-48C3EED11AEB}.Debug|x86.ActiveCfg = Debug|Win32
		{53B4531B-8E31-4C74-957F-48C3EED11AEB}.Debug|x86.Build.0 = Debug|Win32
		{53B4531B-8E31-4C74-957F-48C3EED11AEB}.Release|x64.ActiveCfg = Release|x64
		{53B4531B-8E31-4C74-957F-48C3EED11AEB}.Release|x64.Build.0 = Release|x64
		{53B4531B-8E31-4C74-957F-48C3EED11AEB}.Release|x86.ActiveCfg = Release|Win32
		{53B4531B-8E31-4C74-957F-48C3EED11AEB}.Release|x86.Build.0 = Release|Win32
		{6597CD32-6232-498D-8780-E82EA14D5897}.Debug|x64.ActiveCfg = Debug|x64
		{6597CD32-6232-498D-8780-E82EA14D5897}.Debug|x64.Build.0 = Debug|x64
		{6597CD32-6232-498D-8780-E82EA14D5897}.Debug|x86.ActiveCfg = Debug|Win32
		{6597CD32-6232-498D-8780-E82EA14D5897}.Debug|x86.Build.0 = Debug|Win32
		{6597CD32-6232-498D-8780-E82EA14D5897}.Release|x64.ActiveCfg = Release|x64
		{6597CD32-6232-498D-8780-E82EA14D5897}.Release|x64.Build.0 = Release|x64
		{6597CD32-6232-498D-8780-E82EA14D5897}.Release|x86.ActiveCfg = Release|Win32
		{6597CD32-6232-498D-8780-E82EA14D5897}.Release|x86.Build.0 = Release|Win32
	EndGlobalSection
	GlobalSection(SolutionProperties) = preSolution
		HideSolutionNode = FALSE
	EndGlobalSection
	GlobalSection(ExtensibilityGlobals) = postSolution
		SolutionGuid = {A3B96010-9CD2-4874-A589-BE6C4DF3387C}
	EndGlobalSection
EndGlobal
